
Microsoft Visual Studio Solution File, Format Version 12.00
# Visual Studio Version 16
VisualStudioVersion = 16.0.30413.136
MinimumVisualStudioVersion = 10.0.40219.1
Project("{FAE04EC0-301F-11D3-BF4B-00C04F79EFBC}") = "Quau", "Quau\Quau.csproj", "{B9A67804-25EC-47D6-A263-DEEEF49B9502}"
EndProject
Global
	GlobalSection(SolutionConfigurationPlatforms) = preSolution
		Debug|Any CPU = Debug|Any CPU
		Release|Any CPU = Release|Any CPU
	EndGlobalSection
	GlobalSection(ProjectConfigurationPlatforms) = postSolution
		{B9A67804-25EC-47D6-A263-DEEEF49B9502}.Debug|Any CPU.ActiveCfg = Debug|Any CPU
		{B9A67804-25EC-47D6-A263-DEEEF49B9502}.Debug|Any CPU.Build.0 = Debug|Any CPU
		{B9A67804-25EC-47D6-A263-DEEEF49B9502}.Release|Any CPU.ActiveCfg = Release|Any CPU
		{B9A67804-25EC-47D6-A263-DEEEF49B9502}.Release|Any CPU.Build.0 = Release|Any CPU
	EndGlobalSection
	GlobalSection(SolutionProperties) = preSolution
		HideSolutionNode = FALSE
	EndGlobalSection
	GlobalSection(ExtensibilityGlobals) = postSolution
		SolutionGuid = {74DAD762-7365-41C8-96EA-29F23588235C}
	EndGlobalSection
EndGlobal
